Microsoft Visual Studio Solution File, Format Version 12.00
# Visual Studio 2012
Project("{FAE04EC0-301F-11D3-BF4B-00C04F79EFBC}") = "shrekathon", "shrekathon.csproj", "{BAECCFDD-6438-45B6-AEE2-43B2C4CDB098}"
EndProject
Global
	GlobalSection(SolutionConfigurationPlatforms) = preSolution
	Debug|Any CPU = Debug|Any CPU
	ExportDebug|Any CPU = ExportDebug|Any CPU
	ExportRelease|Any CPU = ExportRelease|Any CPU
	EndGlobalSection
	GlobalSection(ProjectConfigurationPlatforms) = postSolution
		{BAECCFDD-6438-45B6-AEE2-43B2C4CDB098}.Debug|Any CPU.ActiveCfg = Debug|Any CPU
		{BAECCFDD-6438-45B6-AEE2-43B2C4CDB098}.Debug|Any CPU.Build.0 = Debug|Any CPU
		{BAECCFDD-6438-45B6-AEE2-43B2C4CDB098}.ExportDebug|Any CPU.ActiveCfg = ExportDebug|Any CPU
		{BAECCFDD-6438-45B6-AEE2-43B2C4CDB098}.ExportDebug|Any CPU.Build.0 = ExportDebug|Any CPU
		{BAECCFDD-6438-45B6-AEE2-43B2C4CDB098}.ExportRelease|Any CPU.ActiveCfg = ExportRelease|Any CPU
		{BAECCFDD-6438-45B6-AEE2-43B2C4CDB098}.ExportRelease|Any CPU.Build.0 = ExportRelease|Any CPU
	EndGlobalSection
EndGlobal
